
Microsoft Visual Studio Solution File, Format Version 12.00
# Visual Studio Version 16
VisualStudioVersion = 16.0.30128.74
MinimumVisualStudioVersion = 10.0.40219.1
Project("{FAE04EC0-301F-11D3-BF4B-00C04F79EFBC}") = "OrderProcessingApplication", "OrderProcessingApplication\OrderProcessingApplication.csproj", "{3648E9AB-6382-493B-BC05-8A539D643297}"
EndProject
Project("{FAE04EC0-301F-11D3-BF4B-00C04F79EFBC}") = "OrderProcessingApplication.Tests", "OrderProcessingApplication.Tests\OrderProcessingApplication.Tests.csproj", "{A8F500E3-AFC6-4CA8-B7EB-2F20C30262A2}"
EndProject
Global
	GlobalSection(SolutionConfigurationPlatforms) = preSolution
		Debug|Any CPU = Debug|Any CPU
		Release|Any CPU = Release|Any CPU
	EndGlobalSection
	GlobalSection(ProjectConfigurationPlatforms) = postSolution
		{3648E9AB-6382-493B-BC05-8A539D643297}.Debug|Any CPU.ActiveCfg = Debug|Any CPU
		{3648E9AB-6382-493B-BC05-8A539D643297}.Debug|Any CPU.Build.0 = Debug|Any CPU
		{3648E9AB-6382-493B-BC05-8A539D643297}.Release|Any CPU.ActiveCfg = Release|Any CPU
		{3648E9AB-6382-493B-BC05-8A539D643297}.Release|Any CPU.Build.0 = Release|Any CPU
		{A8F500E3-AFC6-4CA8-B7EB-2F20C30262A2}.Debug|Any CPU.ActiveCfg = Debug|Any CPU
		{A8F500E3-AFC6-4CA8-B7EB-2F20C30262A2}.Debug|Any CPU.Build.0 = Debug|Any CPU
		{A8F500E3-AFC6-4CA8-B7EB-2F20C30262A2}.Release|Any CPU.ActiveCfg = Release|Any CPU
		{A8F500E3-AFC6-4CA8-B7EB-2F20C30262A2}.Release|Any CPU.Build.0 = Release|Any CPU
	EndGlobalSection
	GlobalSection(SolutionProperties) = preSolution
		HideSolutionNode = FALSE
	EndGlobalSection
	GlobalSection(ExtensibilityGlobals) = postSolution
		SolutionGuid = {99FC37A3-9A90-4F21-A0EB-D8AE3A051025}
	EndGlobalSection
EndGlobal
